// !$*UTF8*$!
{
	archiveVersion = 1;
	classes = {
	};
	objectVersion = 46;
	objects = {

/* Begin PBXBuildFile section */
		100E077D1E7703380077AB39 /* TodoItem.m in Sources */ = {isa = PBXBuildFile; fileRef = 100E077C1E7703380077AB39 /* TodoItem.m */; };
		100E07841E771ACF0077AB39 /* TodosWorker.m in Sources */ = {isa = PBXBuildFile; fileRef = 100E07831E771ACF0077AB39 /* TodosWorker.m */; };
		100E07871E7721D00077AB39 /* TodosDataStore.m in Sources */ = {isa = PBXBuildFile; fileRef = 100E07861E7721D00077AB39 /* TodosDataStore.m */; };
		102926991E5B4B7600545CCE /* TodoListConfigurator.m in Sources */ = {isa = PBXBuildFile; fileRef = 1029268C1E5B4B7600545CCE /* TodoListConfigurator.m */; };
		1029269A1E5B4B7600545CCE /* TodoListInteractor.m in Sources */ = {isa = PBXBuildFile; fileRef = 1029268E1E5B4B7600545CCE /* TodoListInteractor.m */; };
		1029269B1E5B4B7600545CCE /* TodoListModels.m in Sources */ = {isa = PBXBuildFile; fileRef = 102926901E5B4B7600545CCE /* TodoListModels.m */; };
		1029269C1E5B4B7600545CCE /* TodoListPresenter.m in Sources */ = {isa = PBXBuildFile; fileRef = 102926921E5B4B7600545CCE /* TodoListPresenter.m */; };
		1029269D1E5B4B7600545CCE /* TodoListRouter.m in Sources */ = {isa = PBXBuildFile; fileRef = 102926941E5B4B7600545CCE /* TodoListRouter.m */; };
		1029269E1E5B4B7600545CCE /* TodoListViewController.m in Sources */ = {isa = PBXBuildFile; fileRef = 102926961E5B4B7600545CCE /* TodoListViewController.m */; };
		1029269F1E5B4B7600545CCE /* TodoListWorker.m in Sources */ = {isa = PBXBuildFile; fileRef = 102926981E5B4B7600545CCE /* TodoListWorker.m */; };
		106C57011E548697007DA49F /* main.m in Sources */ = {isa = PBXBuildFile; fileRef = 106C57001E548697007DA49F /* main.m */; };
		106C57041E548697007DA49F /* AppDelegate.m in Sources */ = {isa = PBXBuildFile; fileRef = 106C57031E548697007DA49F /* AppDelegate.m */; };
		106C570A1E548697007DA49F /* Main.storyboard in Resources */ = {isa = PBXBuildFile; fileRef = 106C57081E548697007DA49F /* Main.storyboard */; };
		106C570C1E548697007DA49F /* Assets.xcassets in Resources */ = {isa = PBXBuildFile; fileRef = 106C570B1E548697007DA49F /* Assets.xcassets */; };
		106C570F1E548697007DA49F /* LaunchScreen.storyboard in Resources */ = {isa = PBXBuildFile; fileRef = 106C570D1E548697007DA49F /* LaunchScreen.storyboard */; };
		927D661DBEAD917714968F9A /* libPods-CleanArchitectureForObjective-C.a in Frameworks */ = {isa = PBXBuildFile; fileRef = E587FAB5E0975A71B3826221 /* libPods-CleanArchitectureForObjective-C.a */; };
/* End PBXBuildFile section */

/* Begin PBXFileReference section */
		100E077B1E7703380077AB39 /* TodoItem.h */ = {isa = PBXFileReference; fileEncoding = 4; lastKnownFileType = sourcecode.c.h; path = TodoItem.h; sourceTree = "<group>"; };
		100E077C1E7703380077AB39 /* TodoItem.m */ = {isa = PBXFileReference; fileEncoding = 4; lastKnownFileType = sourcecode.c.objc; path = TodoItem.m; sourceTree = "<group>"; };
		100E07821E771ACF0077AB39 /* TodosWorker.h */ = {isa = PBXFileReference; fileEncoding = 4; lastKnownFileType = sourcecode.c.h; path = TodosWorker.h; sourceTree = "<group>"; };
		100E07831E771ACF0077AB39 /* TodosWorker.m */ = {isa = PBXFileReference; fileEncoding = 4; lastKnownFileType = sourcecode.c.objc; path = TodosWorker.m; sourceTree = "<group>"; };
		100E07851E7721D00077AB39 /* TodosDataStore.h */ = {isa = PBXFileReference; fileEncoding = 4; lastKnownFileType = sourcecode.c.h; path = TodosDataStore.h; sourceTree = "<group>"; };
		100E07861E7721D00077AB39 /* TodosDataStore.m */ = {isa = PBXFileReference; fileEncoding = 4; lastKnownFileType = sourcecode.c.objc; path = TodosDataStore.m; sourceTree = "<group>"; };
		1029268B1E5B4B7600545CCE /* TodoListConfigurator.h */ = {isa = PBXFileReference; fileEncoding = 4; lastKnownFileType = sourcecode.c.h; path = TodoListConfigurator.h; sourceTree = "<group>"; };
		1029268C1E5B4B7600545CCE /* TodoListConfigurator.m */ = {isa = PBXFileReference; fileEncoding = 4; lastKnownFileType = sourcecode.c.objc; path = TodoListConfigurator.m; sourceTree = "<group>"; };
		1029268D1E5B4B7600545CCE /* TodoListInteractor.h */ = {isa = PBXFileReference; fileEncoding = 4; lastKnownFileType = sourcecode.c.h; path = TodoListInteractor.h; sourceTree = "<group>"; };
		1029268E1E5B4B7600545CCE /* TodoListInteractor.m */ = {isa = PBXFileReference; fileEncoding = 4; lastKnownFileType = sourcecode.c.objc; path = TodoListInteractor.m; sourceTree = "<group>"; };
		1029268F1E5B4B7600545CCE /* TodoListModels.h */ = {isa = PBXFileReference; fileEncoding = 4; lastKnownFileType = sourcecode.c.h; path = TodoListModels.h; sourceTree = "<group>"; };
		102926901E5B4B7600545CCE /* TodoListModels.m */ = {isa = PBXFileReference; fileEncoding = 4; lastKnownFileType = sourcecode.c.objc; path = TodoListModels.m; sourceTree = "<group>"; };
		102926911E5B4B7600545CCE /* TodoListPresenter.h */ = {isa = PBXFileReference; fileEncoding = 4; lastKnownFileType = sourcecode.c.h; path = TodoListPresenter.h; sourceTree = "<group>"; };
		102926921E5B4B7600545CCE /* TodoListPresenter.m */ = {isa = PBXFileReference; fileEncoding = 4; lastKnownFileType = sourcecode.c.objc; path = TodoListPresenter.m; sourceTree = "<group>"; };
		102926931E5B4B7600545CCE /* TodoListRouter.h */ = {isa = PBXFileReference; fileEncoding = 4; lastKnownFileType = sourcecode.c.h; path = TodoListRouter.h; sourceTree = "<group>"; };
		102926941E5B4B7600545CCE /* TodoListRouter.m */ = {isa = PBXFileReference; fileEncoding = 4; lastKnownFileType = sourcecode.c.objc; path = TodoListRouter.m; sourceTree = "<group>"; };
		102926951E5B4B7600545CCE /* TodoListViewController.h */ = {isa = PBXFileReference; fileEncoding = 4; lastKnownFileType = sourcecode.c.h; path = TodoListViewController.h; sourceTree = "<group>"; };
		102926961E5B4B7600545CCE /* TodoListViewController.m */ = {isa = PBXFileReference; fileEncoding = 4; lastKnownFileType = sourcecode.c.objc; path = TodoListViewController.m; sourceTree = "<group>"; };
		102926971E5B4B7600545CCE /* TodoListWorker.h */ = {isa = PBXFileReference; fileEncoding = 4; lastKnownFileType = sourcecode.c.h; path = TodoListWorker.h; sourceTree = "<group>"; };
		102926981E5B4B7600545CCE /* TodoListWorker.m */ = {isa = PBXFileReference; fileEncoding = 4; lastKnownFileType = sourcecode.c.objc; path = TodoListWorker.m; sourceTree = "<group>"; };
		102926C41E5B666900545CCE /* TodoServiceProtocol.h */ = {isa = PBXFileReference; fileEncoding = 4; lastKnownFileType = sourcecode.c.h; path = TodoServiceProtocol.h; sourceTree = "<group>"; };
		106C56FC1E548697007DA49F /* CleanArchitectureForObjective-C.app */ = {isa = PBXFileReference; explicitFileType = wrapper.application; includeInIndex = 0; path = "CleanArchitectureForObjective-C.app"; sourceTree = BUILT_PRODUCTS_DIR; };
		106C57001E548697007DA49F /* main.m */ = {isa = PBXFileReference; lastKnownFileType = sourcecode.c.objc; path = main.m; sourceTree = "<group>"; };
		106C57021E548697007DA49F /* AppDelegate.h */ = {isa = PBXFileReference; lastKnownFileType = sourcecode.c.h; path = AppDelegate.h; sourceTree = "<group>"; };
		106C57031E548697007DA49F /* AppDelegate.m */ = {isa = PBXFileReference; lastKnownFileType = sourcecode.c.objc; path = AppDelegate.m; sourceTree = "<group>"; };
		106C57091E548697007DA49F /* Base */ = {isa = PBXFileReference; lastKnownFileType = file.storyboard; name = Base; path = Base.lproj/Main.storyboard; sourceTree = "<group>"; };
		106C570B1E548697007DA49F /* Assets.xcassets */ = {isa = PBXFileReference; lastKnownFileType = folder.assetcatalog; path = Assets.xcassets; sourceTree = "<group>"; };
		106C570E1E548697007DA49F /* Base */ = {isa = PBXFileReference; lastKnownFileType = file.storyboard; name = Base; path = Base.lproj/LaunchScreen.storyboard; sourceTree = "<group>"; };
		106C57101E548697007DA49F /* Info.plist */ = {isa = PBXFileReference; lastKnownFileType = text.plist.xml; path = Info.plist; sourceTree = "<group>"; };
		498F5FD4FF77AF76F53B6D73 /* Pods-CleanArchitectureForObjective-C.release.xcconfig */ = {isa = PBXFileReference; includeInIndex = 1; lastKnownFileType = text.xcconfig; name = "Pods-CleanArchitectureForObjective-C.release.xcconfig"; path = "Pods/Target Support Files/Pods-CleanArchitectureForObjective-C/Pods-CleanArchitectureForObjective-C.release.xcconfig"; sourceTree = "<group>"; };
		E587FAB5E0975A71B3826221 /* libPods-CleanArchitectureForObjective-C.a */ = {isa = PBXFileReference; explicitFileType = archive.ar; includeInIndex = 0; path = "libPods-CleanArchitectureForObjective-C.a"; sourceTree = BUILT_PRODUCTS_DIR; };
		E73ABEDC724973329446901B /* Pods-CleanArchitectureForObjective-C.debug.xcconfig */ = {isa = PBXFileReference; includeInIndex = 1; lastKnownFileType = text.xcconfig; name = "Pods-CleanArchitectureForObjective-C.debug.xcconfig"; path = "Pods/Target Support Files/Pods-CleanArchitectureForObjective-C/Pods-CleanArchitectureForObjective-C.debug.xcconfig"; sourceTree = "<group>"; };
/* End PBXFileReference section */

/* Begin PBXFrameworksBuildPhase section */
		106C56F91E548696007DA49F /* Frameworks */ = {
			isa = PBXFrameworksBuildPhase;
			buildActionMask = 2147483647;
			files = (
				927D661DBEAD917714968F9A /* libPods-CleanArchitectureForObjective-C.a in Frameworks */,
			);
			runOnlyForDeploymentPostprocessing = 0;
		};
/* End PBXFrameworksBuildPhase section */

/* Begin PBXGroup section */
		100E077E1E7711500077AB39 /* Workers */ = {
			isa = PBXGroup;
			children = (
				100E07821E771ACF0077AB39 /* TodosWorker.h */,
				100E07831E771ACF0077AB39 /* TodosWorker.m */,
			);
			name = Workers;
			sourceTree = "<group>";
		};
		102926BC1E5B644C00545CCE /* Scenes */ = {
			isa = PBXGroup;
			children = (
				102926BD1E5B645900545CCE /* ListTodos */,
			);
			name = Scenes;
			sourceTree = "<group>";
		};
		102926BD1E5B645900545CCE /* ListTodos */ = {
			isa = PBXGroup;
			children = (
				102926951E5B4B7600545CCE /* TodoListViewController.h */,
				102926961E5B4B7600545CCE /* TodoListViewController.m */,
				1029268B1E5B4B7600545CCE /* TodoListConfigurator.h */,
				1029268C1E5B4B7600545CCE /* TodoListConfigurator.m */,
				1029268D1E5B4B7600545CCE /* TodoListInteractor.h */,
				1029268E1E5B4B7600545CCE /* TodoListInteractor.m */,
				1029268F1E5B4B7600545CCE /* TodoListModels.h */,
				102926901E5B4B7600545CCE /* TodoListModels.m */,
				102926911E5B4B7600545CCE /* TodoListPresenter.h */,
				102926921E5B4B7600545CCE /* TodoListPresenter.m */,
				102926931E5B4B7600545CCE /* TodoListRouter.h */,
				102926941E5B4B7600545CCE /* TodoListRouter.m */,
				102926971E5B4B7600545CCE /* TodoListWorker.h */,
				102926981E5B4B7600545CCE /* TodoListWorker.m */,
			);
			name = ListTodos;
			sourceTree = "<group>";
		};
		102926BE1E5B647200545CCE /* Services */ = {
			isa = PBXGroup;
			children = (
				102926C41E5B666900545CCE /* TodoServiceProtocol.h */,
				100E07851E7721D00077AB39 /* TodosDataStore.h */,
				100E07861E7721D00077AB39 /* TodosDataStore.m */,
			);
			name = Services;
			sourceTree = "<group>";
		};
		102926BF1E5B648400545CCE /* Models */ = {
			isa = PBXGroup;
			children = (
				100E077B1E7703380077AB39 /* TodoItem.h */,
				100E077C1E7703380077AB39 /* TodoItem.m */,
			);
			name = Models;
			sourceTree = "<group>";
		};
		106C56F31E548696007DA49F = {
			isa = PBXGroup;
			children = (
				106C56FE1E548697007DA49F /* CleanArchitectureForObjective-C */,
				106C56FD1E548697007DA49F /* Products */,
				27CC93FAF765B611918D0985 /* Pods */,
				F0212D2A5E248758A387DE80 /* Frameworks */,
			);
			sourceTree = "<group>";
		};
		106C56FD1E548697007DA49F /* Products */ = {
			isa = PBXGroup;
			children = (
				106C56FC1E548697007DA49F /* CleanArchitectureForObjective-C.app */,
			);
			name = Products;
			sourceTree = "<group>";
		};
		106C56FE1E548697007DA49F /* CleanArchitectureForObjective-C */ = {
			isa = PBXGroup;
			children = (
				106C57021E548697007DA49F /* AppDelegate.h */,
				106C57031E548697007DA49F /* AppDelegate.m */,
				102926BF1E5B648400545CCE /* Models */,
				102926BE1E5B647200545CCE /* Services */,
				100E077E1E7711500077AB39 /* Workers */,
				102926BC1E5B644C00545CCE /* Scenes */,
				106C57081E548697007DA49F /* Main.storyboard */,
				106C570B1E548697007DA49F /* Assets.xcassets */,
				106C570D1E548697007DA49F /* LaunchScreen.storyboard */,
				106C57101E548697007DA49F /* Info.plist */,
				106C56FF1E548697007DA49F /* Supporting Files */,
			);
			path = "CleanArchitectureForObjective-C";
			sourceTree = "<group>";
		};
		106C56FF1E548697007DA49F /* Supporting Files */ = {
			isa = PBXGroup;
			children = (
				106C57001E548697007DA49F /* main.m */,
			);
			name = "Supporting Files";
			sourceTree = "<group>";
		};
		27CC93FAF765B611918D0985 /* Pods */ = {
			isa = PBXGroup;
			children = (
				E73ABEDC724973329446901B /* Pods-CleanArchitectureForObjective-C.debug.xcconfig */,
				498F5FD4FF77AF76F53B6D73 /* Pods-CleanArchitectureForObjective-C.release.xcconfig */,
			);
			name = Pods;
			sourceTree = "<group>";
		};
		F0212D2A5E248758A387DE80 /* Frameworks */ = {
			isa = PBXGroup;
			children = (
				E587FAB5E0975A71B3826221 /* libPods-CleanArchitectureForObjective-C.a */,
			);
			name = Frameworks;
			sourceTree = "<group>";
		};
/* End PBXGroup section */

/* Begin PBXNativeTarget section */
		106C56FB1E548696007DA49F /* CleanArchitectureForObjective-C */ = {
			isa = PBXNativeTarget;
			buildConfigurationList = 106C57131E548697007DA49F /* Build configuration list for PBXNativeTarget "CleanArchitectureForObjective-C" */;
			buildPhases = (
				6B9386CE66B31BE6DB4C69FC /* [CP] Check Pods Manifest.lock */,
				106C56F81E548696007DA49F /* Sources */,
				106C56F91E548696007DA49F /* Frameworks */,
				106C56FA1E548696007DA49F /* Resources */,
				9DEAE8AB5A9942F1E8BA81BD /* [CP] Embed Pods Frameworks */,
				6E227939A1D5077EB54E774C /* [CP] Copy Pods Resources */,
			);
			buildRules = (
			);
			dependencies = (
			);
			name = "CleanArchitectureForObjective-C";
			productName = "VIPERForObjective-C";
			productReference = 106C56FC1E548697007DA49F /* CleanArchitectureForObjective-C.app */;
			productType = "com.apple.product-type.application";
		};
/* End PBXNativeTarget section */

/* Begin PBXProject section */
		106C56F41E548696007DA49F /* Project object */ = {
			isa = PBXProject;
			attributes = {
				CLASSPREFIX = Sample;
				LastUpgradeCheck = 0820;
				ORGANIZATIONNAME = CAFObjC;
				TargetAttributes = {
					106C56FB1E548696007DA49F = {
						CreatedOnToolsVersion = 8.2.1;
						DevelopmentTeam = M9DDQZ5T2V;
						LastSwiftMigration = 0820;
						ProvisioningStyle = Automatic;
					};
				};
			};
			buildConfigurationList = 106C56F71E548696007DA49F /* Build configuration list for PBXProject "CleanArchitectureForObjective-C" */;
			compatibilityVersion = "Xcode 3.2";
			developmentRegion = English;
			hasScannedForEncodings = 0;
			knownRegions = (
				en,
				Base,
			);
			mainGroup = 106C56F31E548696007DA49F;
			productRefGroup = 106C56FD1E548697007DA49F /* Products */;
			projectDirPath = "";
			projectRoot = "";
			targets = (
				106C56FB1E548696007DA49F /* CleanArchitectureForObjective-C */,
			);
		};
/* End PBXProject section */

/* Begin PBXResourcesBuildPhase section */
		106C56FA1E548696007DA49F /* Resources */ = {
			isa = PBXResourcesBuildPhase;
			buildActionMask = 2147483647;
			files = (
				106C570F1E548697007DA49F /* LaunchScreen.storyboard in Resources */,
				106C570C1E548697007DA49F /* Assets.xcassets in Resources */,
				106C570A1E548697007DA49F /* Main.storyboard in Resources */,
			);
			runOnlyForDeploymentPostprocessing = 0;
		};
/* End PBXResourcesBuildPhase section */

/* Begin PBXShellScriptBuildPhase section */
		6B9386CE66B31BE6DB4C69FC /* [CP] Check Pods Manifest.lock */ = {
			isa = PBXShellScriptBuildPhase;
			buildActionMask = 2147483647;
			files = (
			);
			inputPaths = (
			);
			name = "[CP] Check Pods Manifest.lock";
			outputPaths = (
			);
			runOnlyForDeploymentPostprocessing = 0;
			shellPath = /bin/sh;
			shellScript = "diff \"${PODS_ROOT}/../Podfile.lock\" \"${PODS_ROOT}/Manifest.lock\" > /dev/null\nif [ $? != 0 ] ; then\n    # print error to STDERR\n    echo \"error: The sandbox is not in sync with the Podfile.lock. Run 'pod install' or update your CocoaPods installation.\" >&2\n    exit 1\nfi\n";
			showEnvVarsInLog = 0;
		};
		6E227939A1D5077EB54E774C /* [CP] Copy Pods Resources */ = {
			isa = PBXShellScriptBuildPhase;
			buildActionMask = 2147483647;
			files = (
			);
			inputPaths = (
			);
			name = "[CP] Copy Pods Resources";
			outputPaths = (
			);
			runOnlyForDeploymentPostprocessing = 0;
			shellPath = /bin/sh;
			shellScript = "\"${SRCROOT}/Pods/Target Support Files/Pods-CleanArchitectureForObjective-C/Pods-CleanArchitectureForObjective-C-resources.sh\"\n";
			showEnvVarsInLog = 0;
		};
		9DEAE8AB5A9942F1E8BA81BD /* [CP] Embed Pods Frameworks */ = {
			isa = PBXShellScriptBuildPhase;
			buildActionMask = 2147483647;
			files = (
			);
			inputPaths = (
			);
			name = "[CP] Embed Pods Frameworks";
			outputPaths = (
			);
			runOnlyForDeploymentPostprocessing = 0;
			shellPath = /bin/sh;
			shellScript = "\"${SRCROOT}/Pods/Target Support Files/Pods-CleanArchitectureForObjective-C/Pods-CleanArchitectureForObjective-C-frameworks.sh\"\n";
			showEnvVarsInLog = 0;
		};
/* End PBXShellScriptBuildPhase section */

/* Begin PBXSourcesBuildPhase section */
		106C56F81E548696007DA49F /* Sources */ = {
			isa = PBXSourcesBuildPhase;
			buildActionMask = 2147483647;
			files = (
				1029269E1E5B4B7600545CCE /* TodoListViewController.m in Sources */,
				1029269C1E5B4B7600545CCE /* TodoListPresenter.m in Sources */,
				1029269A1E5B4B7600545CCE /* TodoListInteractor.m in Sources */,
				100E07841E771ACF0077AB39 /* TodosWorker.m in Sources */,
				102926991E5B4B7600545CCE /* TodoListConfigurator.m in Sources */,
				106C57041E548697007DA49F /* AppDelegate.m in Sources */,
				106C57011E548697007DA49F /* main.m in Sources */,
				1029269B1E5B4B7600545CCE /* TodoListModels.m in Sources */,
				100E077D1E7703380077AB39 /* TodoItem.m in Sources */,
				100E07871E7721D00077AB39 /* TodosDataStore.m in Sources */,
				1029269D1E5B4B7600545CCE /* TodoListRouter.m in Sources */,
				1029269F1E5B4B7600545CCE /* TodoListWorker.m in Sources */,
			);
			runOnlyForDeploymentPostprocessing = 0;
		};
/* End PBXSourcesBuildPhase section */

/* Begin PBXVariantGroup section */
		106C57081E548697007DA49F /* Main.storyboard */ = {
			isa = PBXVariantGroup;
			children = (
				106C57091E548697007DA49F /* Base */,
			);
			name = Main.storyboard;
			sourceTree = "<group>";
		};
		106C570D1E548697007DA49F /* LaunchScreen.storyboard */ = {
			isa = PBXVariantGroup;
			children = (
				106C570E1E548697007DA49F /* Base */,
			);
			name = LaunchScreen.storyboard;
			sourceTree = "<group>";
		};
/* End PBXVariantGroup section */

/* Begin XCBuildConfiguration section */
		106C57111E548697007DA49F /* Debug */ = {
			isa = XCBuildConfiguration;
			buildSettings = {
				ALWAYS_SEARCH_USER_PATHS = NO;
				CLANG_ANALYZER_NONNULL = YES;
				CLANG_CXX_LANGUAGE_STANDARD = "gnu++0x";
				CLANG_CXX_LIBRARY = "libc++";
				CLANG_ENABLE_MODULES = YES;
				CLANG_ENABLE_OBJC_ARC = YES;
				CLANG_WARN_BOOL_CONVERSION = YES;
				CLANG_WARN_CONSTANT_CONVERSION = YES;
				CLANG_WARN_DIRECT_OBJC_ISA_USAGE = YES_ERROR;
				CLANG_WARN_DOCUMENTATION_COMMENTS = YES;
				CLANG_WARN_EMPTY_BODY = YES;
				CLANG_WARN_ENUM_CONVERSION = YES;
				CLANG_WARN_INFINITE_RECURSION = YES;
				CLANG_WARN_INT_CONVERSION = YES;
				CLANG_WARN_OBJC_ROOT_CLASS = YES_ERROR;
				CLANG_WARN_SUSPICIOUS_MOVE = YES;
				CLANG_WARN_UNREACHABLE_CODE = YES;
				CLANG_WARN__DUPLICATE_METHOD_MATCH = YES;
				"CODE_SIGN_IDENTITY[sdk=iphoneos*]" = "iPhone Developer";
				COPY_PHASE_STRIP = NO;
				DEBUG_INFORMATION_FORMAT = dwarf;
				ENABLE_STRICT_OBJC_MSGSEND = YES;
				ENABLE_TESTABILITY = YES;
				GCC_C_LANGUAGE_STANDARD = gnu99;
				GCC_DYNAMIC_NO_PIC = NO;
				GCC_NO_COMMON_BLOCKS = YES;
				GCC_OPTIMIZATION_LEVEL = 0;
				GCC_PREPROCESSOR_DEFINITIONS = (
					"DEBUG=1",
					"$(inherited)",
				);
				GCC_WARN_64_TO_32_BIT_CONVERSION = YES;
				GCC_WARN_ABOUT_RETURN_TYPE = YES_ERROR;
				GCC_WARN_UNDECLARED_SELECTOR = YES;
				GCC_WARN_UNINITIALIZED_AUTOS = YES_AGGRESSIVE;
				GCC_WARN_UNUSED_FUNCTION = YES;
				GCC_WARN_UNUSED_VARIABLE = YES;
				IPHONEOS_DEPLOYMENT_TARGET = 10.2;
				MTL_ENABLE_DEBUG_INFO = YES;
				ONLY_ACTIVE_ARCH = YES;
				SDKROOT = iphoneos;
				TARGETED_DEVICE_FAMILY = "1,2";
			};
			name = Debug;
		};
		106C57121E548697007DA49F /* Release */ = {
			isa = XCBuildConfiguration;
			buildSettings = {
				ALWAYS_SEARCH_USER_PATHS = NO;
				CLANG_ANALYZER_NONNULL = YES;
				CLANG_CXX_LANGUAGE_STANDARD = "gnu++0x";
				CLANG_CXX_LIBRARY = "libc++";
				CLANG_ENABLE_MODULES = YES;
				CLANG_ENABLE_OBJC_ARC = YES;
				CLANG_WARN_BOOL_CONVERSION = YES;
				CLANG_WARN_CONSTANT_CONVERSION = YES;
				CLANG_WARN_DIRECT_OBJC_ISA_USAGE = YES_ERROR;
				CLANG_WARN_DOCUMENTATION_COMMENTS = YES;
				CLANG_WARN_EMPTY_BODY = YES;
				CLANG_WARN_ENUM_CONVERSION = YES;
				CLANG_WARN_INFINITE_RECURSION = YES;
				CLANG_WARN_INT_CONVERSION = YES;
				CLANG_WARN_OBJC_ROOT_CLASS = YES_ERROR;
				CLANG_WARN_SUSPICIOUS_MOVE = YES;
				CLANG_WARN_UNREACHABLE_CODE = YES;
				CLANG_WARN__DUPLICATE_METHOD_MATCH = YES;
				"CODE_SIGN_IDENTITY[sdk=iphoneos*]" = "iPhone Developer";
				COPY_PHASE_STRIP = NO;
				DEBUG_INFORMATION_FORMAT = "dwarf-with-dsym";
				ENABLE_NS_ASSERTIONS = NO;
				ENABLE_STRICT_OBJC_MSGSEND = YES;
				GCC_C_LANGUAGE_STANDARD = gnu99;
				GCC_NO_COMMON_BLOCKS = YES;
				GCC_WARN_64_TO_32_BIT_CONVERSION = YES;
				GCC_WARN_ABOUT_RETURN_TYPE = YES_ERROR;
				GCC_WARN_UNDECLARED_SELECTOR = YES;
				GCC_WARN_UNINITIALIZED_AUTOS = YES_AGGRESSIVE;
				GCC_WARN_UNUSED_FUNCTION = YES;
				GCC_WARN_UNUSED_VARIABLE = YES;
				IPHONEOS_DEPLOYMENT_TARGET = 10.2;
				MTL_ENABLE_DEBUG_INFO = NO;
				SDKROOT = iphoneos;
				TARGETED_DEVICE_FAMILY = "1,2";
				VALIDATE_PRODUCT = YES;
			};
			name = Release;
		};
		106C57141E548697007DA49F /* Debug */ = {
			isa = XCBuildConfiguration;
			baseConfigurationReference = E73ABEDC724973329446901B /* Pods-CleanArchitectureForObjective-C.debug.xcconfig */;
			buildSettings = {
				ASSETCATALOG_COMPILER_APPICON_NAME = AppIcon;
				CLANG_ENABLE_MODULES = YES;
				DEVELOPMENT_TEAM = M9DDQZ5T2V;
				INFOPLIST_FILE = "CleanArchitectureForObjective-C/Info.plist";
				LD_RUNPATH_SEARCH_PATHS = "$(inherited) @executable_path/Frameworks";
				PRODUCT_BUNDLE_IDENTIFIER = "com.CleanObjC.CleanArchitectureForObjective-C";
				PRODUCT_NAME = "$(TARGET_NAME)";
				SWIFT_OBJC_BRIDGING_HEADER = "CleanArchitectureForObjective-C-Bridging-Header.h";
				SWIFT_OPTIMIZATION_LEVEL = "-Onone";
				SWIFT_VERSION = 3.0;
			};
			name = Debug;
		};
		106C57151E548697007DA49F /* Release */ = {
			isa = XCBuildConfiguration;
			baseConfigurationReference = 498F5FD4FF77AF76F53B6D73 /* Pods-CleanArchitectureForObjective-C.release.xcconfig */;
			buildSettings = {
				ASSETCATALOG_COMPILER_APPICON_NAME = AppIcon;
				CLANG_ENABLE_MODULES = YES;
				DEVELOPMENT_TEAM = M9DDQZ5T2V;
				INFOPLIST_FILE = "CleanArchitectureForObjective-C/Info.plist";
				LD_RUNPATH_SEARCH_PATHS = "$(inherited) @executable_path/Frameworks";
				PRODUCT_BUNDLE_IDENTIFIER = "com.CleanObjC.CleanArchitectureForObjective-C";
				PRODUCT_NAME = "$(TARGET_NAME)";
				SWIFT_OBJC_BRIDGING_HEADER = "CleanArchitectureForObjective-C-Bridging-Header.h";
				SWIFT_VERSION = 3.0;
			};
			name = Release;
		};
/* End XCBuildConfiguration section */

/* Begin XCConfigurationList section */
		106C56F71E548696007DA49F /* Build configuration list for PBXProject "CleanArchitectureForObjective-C" */ = {
			isa = XCConfigurationList;
			buildConfigurations = (
				106C57111E548697007DA49F /* Debug */,
				106C57121E548697007DA49F /* Release */,
			);
			defaultConfigurationIsVisible = 0;
			defaultConfigurationName = Release;
		};
		106C57131E548697007DA49F /* Build configuration list for PBXNativeTarget "CleanArchitectureForObjective-C" */ = {
			isa = XCConfigurationList;
			buildConfigurations = (
				106C57141E548697007DA49F /* Debug */,
				106C57151E548697007DA49F /* Release */,
			);
			defaultConfigurationIsVisible = 0;
			defaultConfigurationName = Release;
		};
/* End XCConfigurationList section */
	};
	rootObject = 106C56F41E548696007DA49F /* Project object */;
}
