// !$*UTF8*$!
{
	archiveVersion = 1;
	classes = {
	};
	objectVersion = 46;
	objects = {

/* Begin PBXBuildFile section */
		106C57011E548697007DA49F /* main.m in Sources */ = {isa = PBXBuildFile; fileRef = 106C57001E548697007DA49F /* main.m */; };
		106C57041E548697007DA49F /* AppDelegate.m in Sources */ = {isa = PBXBuildFile; fileRef = 106C57031E548697007DA49F /* AppDelegate.m */; };
		106C57071E548697007DA49F /* ViewController.m in Sources */ = {isa = PBXBuildFile; fileRef = 106C57061E548697007DA49F /* ViewController.m */; };
		106C570A1E548697007DA49F /* Main.storyboard in Resources */ = {isa = PBXBuildFile; fileRef = 106C57081E548697007DA49F /* Main.storyboard */; };
		106C570C1E548697007DA49F /* Assets.xcassets in Resources */ = {isa = PBXBuildFile; fileRef = 106C570B1E548697007DA49F /* Assets.xcassets */; };
		106C570F1E548697007DA49F /* LaunchScreen.storyboard in Resources */ = {isa = PBXBuildFile; fileRef = 106C570D1E548697007DA49F /* LaunchScreen.storyboard */; };
		106C57181E548A6D007DA49F /* FirstRouter.m in Sources */ = {isa = PBXBuildFile; fileRef = 106C57171E548A6D007DA49F /* FirstRouter.m */; };
		106C571B1E548ABE007DA49F /* FirstViewController.m in Sources */ = {isa = PBXBuildFile; fileRef = 106C571A1E548ABE007DA49F /* FirstViewController.m */; };
		106C571E1E548E1C007DA49F /* FirstConfigurator.m in Sources */ = {isa = PBXBuildFile; fileRef = 106C571D1E548E1C007DA49F /* FirstConfigurator.m */; };
		106C57241E5497B1007DA49F /* SecondViewController.m in Sources */ = {isa = PBXBuildFile; fileRef = 106C57231E5497B1007DA49F /* SecondViewController.m */; };
		106C572A1E54A711007DA49F /* FirstInteractor.m in Sources */ = {isa = PBXBuildFile; fileRef = 106C57291E54A711007DA49F /* FirstInteractor.m */; };
		106C572D1E54B932007DA49F /* FirstPresenter.m in Sources */ = {isa = PBXBuildFile; fileRef = 106C572C1E54B932007DA49F /* FirstPresenter.m */; };
/* End PBXBuildFile section */

/* Begin PBXFileReference section */
		106C56FC1E548697007DA49F /* VIPERForObjective-C.app */ = {isa = PBXFileReference; explicitFileType = wrapper.application; includeInIndex = 0; path = "VIPERForObjective-C.app"; sourceTree = BUILT_PRODUCTS_DIR; };
		106C57001E548697007DA49F /* main.m */ = {isa = PBXFileReference; lastKnownFileType = sourcecode.c.objc; path = main.m; sourceTree = "<group>"; };
		106C57021E548697007DA49F /* AppDelegate.h */ = {isa = PBXFileReference; lastKnownFileType = sourcecode.c.h; path = AppDelegate.h; sourceTree = "<group>"; };
		106C57031E548697007DA49F /* AppDelegate.m */ = {isa = PBXFileReference; lastKnownFileType = sourcecode.c.objc; path = AppDelegate.m; sourceTree = "<group>"; };
		106C57051E548697007DA49F /* ViewController.h */ = {isa = PBXFileReference; lastKnownFileType = sourcecode.c.h; path = ViewController.h; sourceTree = "<group>"; };
		106C57061E548697007DA49F /* ViewController.m */ = {isa = PBXFileReference; lastKnownFileType = sourcecode.c.objc; path = ViewController.m; sourceTree = "<group>"; };
		106C57091E548697007DA49F /* Base */ = {isa = PBXFileReference; lastKnownFileType = file.storyboard; name = Base; path = Base.lproj/Main.storyboard; sourceTree = "<group>"; };
		106C570B1E548697007DA49F /* Assets.xcassets */ = {isa = PBXFileReference; lastKnownFileType = folder.assetcatalog; path = Assets.xcassets; sourceTree = "<group>"; };
		106C570E1E548697007DA49F /* Base */ = {isa = PBXFileReference; lastKnownFileType = file.storyboard; name = Base; path = Base.lproj/LaunchScreen.storyboard; sourceTree = "<group>"; };
		106C57101E548697007DA49F /* Info.plist */ = {isa = PBXFileReference; lastKnownFileType = text.plist.xml; path = Info.plist; sourceTree = "<group>"; };
		106C57161E548A6D007DA49F /* FirstRouter.h */ = {isa = PBXFileReference; fileEncoding = 4; lastKnownFileType = sourcecode.c.h; path = FirstRouter.h; sourceTree = "<group>"; };
		106C57171E548A6D007DA49F /* FirstRouter.m */ = {isa = PBXFileReference; fileEncoding = 4; lastKnownFileType = sourcecode.c.objc; path = FirstRouter.m; sourceTree = "<group>"; };
		106C57191E548ABE007DA49F /* FirstViewController.h */ = {isa = PBXFileReference; fileEncoding = 4; lastKnownFileType = sourcecode.c.h; path = FirstViewController.h; sourceTree = "<group>"; };
		106C571A1E548ABE007DA49F /* FirstViewController.m */ = {isa = PBXFileReference; fileEncoding = 4; lastKnownFileType = sourcecode.c.objc; path = FirstViewController.m; sourceTree = "<group>"; };
		106C571C1E548E1C007DA49F /* FirstConfigurator.h */ = {isa = PBXFileReference; fileEncoding = 4; lastKnownFileType = sourcecode.c.h; path = FirstConfigurator.h; sourceTree = "<group>"; };
		106C571D1E548E1C007DA49F /* FirstConfigurator.m */ = {isa = PBXFileReference; fileEncoding = 4; lastKnownFileType = sourcecode.c.objc; path = FirstConfigurator.m; sourceTree = "<group>"; };
		106C57221E5497B1007DA49F /* SecondViewController.h */ = {isa = PBXFileReference; fileEncoding = 4; lastKnownFileType = sourcecode.c.h; path = SecondViewController.h; sourceTree = "<group>"; };
		106C57231E5497B1007DA49F /* SecondViewController.m */ = {isa = PBXFileReference; fileEncoding = 4; lastKnownFileType = sourcecode.c.objc; path = SecondViewController.m; sourceTree = "<group>"; };
		106C57281E54A711007DA49F /* FirstInteractor.h */ = {isa = PBXFileReference; fileEncoding = 4; lastKnownFileType = sourcecode.c.h; path = FirstInteractor.h; sourceTree = "<group>"; };
		106C57291E54A711007DA49F /* FirstInteractor.m */ = {isa = PBXFileReference; fileEncoding = 4; lastKnownFileType = sourcecode.c.objc; path = FirstInteractor.m; sourceTree = "<group>"; };
		106C572B1E54B932007DA49F /* FirstPresenter.h */ = {isa = PBXFileReference; fileEncoding = 4; lastKnownFileType = sourcecode.c.h; path = FirstPresenter.h; sourceTree = "<group>"; };
		106C572C1E54B932007DA49F /* FirstPresenter.m */ = {isa = PBXFileReference; fileEncoding = 4; lastKnownFileType = sourcecode.c.objc; path = FirstPresenter.m; sourceTree = "<group>"; };
/* End PBXFileReference section */

/* Begin PBXFrameworksBuildPhase section */
		106C56F91E548696007DA49F /* Frameworks */ = {
			isa = PBXFrameworksBuildPhase;
			buildActionMask = 2147483647;
			files = (
			);
			runOnlyForDeploymentPostprocessing = 0;
		};
/* End PBXFrameworksBuildPhase section */

/* Begin PBXGroup section */
		106C56F31E548696007DA49F = {
			isa = PBXGroup;
			children = (
				106C56FE1E548697007DA49F /* VIPERForObjective-C */,
				106C56FD1E548697007DA49F /* Products */,
			);
			sourceTree = "<group>";
		};
		106C56FD1E548697007DA49F /* Products */ = {
			isa = PBXGroup;
			children = (
				106C56FC1E548697007DA49F /* VIPERForObjective-C.app */,
			);
			name = Products;
			sourceTree = "<group>";
		};
		106C56FE1E548697007DA49F /* VIPERForObjective-C */ = {
			isa = PBXGroup;
			children = (
				106C57021E548697007DA49F /* AppDelegate.h */,
				106C57031E548697007DA49F /* AppDelegate.m */,
				106C57051E548697007DA49F /* ViewController.h */,
				106C57061E548697007DA49F /* ViewController.m */,
				106C57191E548ABE007DA49F /* FirstViewController.h */,
				106C571A1E548ABE007DA49F /* FirstViewController.m */,
				106C571C1E548E1C007DA49F /* FirstConfigurator.h */,
				106C571D1E548E1C007DA49F /* FirstConfigurator.m */,
				106C57281E54A711007DA49F /* FirstInteractor.h */,
				106C57291E54A711007DA49F /* FirstInteractor.m */,
				106C572B1E54B932007DA49F /* FirstPresenter.h */,
				106C572C1E54B932007DA49F /* FirstPresenter.m */,
				106C57221E5497B1007DA49F /* SecondViewController.h */,
				106C57231E5497B1007DA49F /* SecondViewController.m */,
				106C57161E548A6D007DA49F /* FirstRouter.h */,
				106C57171E548A6D007DA49F /* FirstRouter.m */,
				106C57081E548697007DA49F /* Main.storyboard */,
				106C570B1E548697007DA49F /* Assets.xcassets */,
				106C570D1E548697007DA49F /* LaunchScreen.storyboard */,
				106C57101E548697007DA49F /* Info.plist */,
				106C56FF1E548697007DA49F /* Supporting Files */,
			);
			path = "VIPERForObjective-C";
			sourceTree = "<group>";
		};
		106C56FF1E548697007DA49F /* Supporting Files */ = {
			isa = PBXGroup;
			children = (
				106C57001E548697007DA49F /* main.m */,
			);
			name = "Supporting Files";
			sourceTree = "<group>";
		};
/* End PBXGroup section */

/* Begin PBXNativeTarget section */
		106C56FB1E548696007DA49F /* VIPERForObjective-C */ = {
			isa = PBXNativeTarget;
			buildConfigurationList = 106C57131E548697007DA49F /* Build configuration list for PBXNativeTarget "VIPERForObjective-C" */;
			buildPhases = (
				106C56F81E548696007DA49F /* Sources */,
				106C56F91E548696007DA49F /* Frameworks */,
				106C56FA1E548696007DA49F /* Resources */,
			);
			buildRules = (
			);
			dependencies = (
			);
			name = "VIPERForObjective-C";
			productName = "VIPERForObjective-C";
			productReference = 106C56FC1E548697007DA49F /* VIPERForObjective-C.app */;
			productType = "com.apple.product-type.application";
		};
/* End PBXNativeTarget section */

/* Begin PBXProject section */
		106C56F41E548696007DA49F /* Project object */ = {
			isa = PBXProject;
			attributes = {
				LastUpgradeCheck = 0820;
				ORGANIZATIONNAME = viperObjC;
				TargetAttributes = {
					106C56FB1E548696007DA49F = {
						CreatedOnToolsVersion = 8.2.1;
						DevelopmentTeam = M9DDQZ5T2V;
						ProvisioningStyle = Automatic;
					};
				};
			};
			buildConfigurationList = 106C56F71E548696007DA49F /* Build configuration list for PBXProject "VIPERForObjective-C" */;
			compatibilityVersion = "Xcode 3.2";
			developmentRegion = English;
			hasScannedForEncodings = 0;
			knownRegions = (
				en,
				Base,
			);
			mainGroup = 106C56F31E548696007DA49F;
			productRefGroup = 106C56FD1E548697007DA49F /* Products */;
			projectDirPath = "";
			projectRoot = "";
			targets = (
				106C56FB1E548696007DA49F /* VIPERForObjective-C */,
			);
		};
/* End PBXProject section */

/* Begin PBXResourcesBuildPhase section */
		106C56FA1E548696007DA49F /* Resources */ = {
			isa = PBXResourcesBuildPhase;
			buildActionMask = 2147483647;
			files = (
				106C570F1E548697007DA49F /* LaunchScreen.storyboard in Resources */,
				106C570C1E548697007DA49F /* Assets.xcassets in Resources */,
				106C570A1E548697007DA49F /* Main.storyboard in Resources */,
			);
			runOnlyForDeploymentPostprocessing = 0;
		};
/* End PBXResourcesBuildPhase section */

/* Begin PBXSourcesBuildPhase section */
		106C56F81E548696007DA49F /* Sources */ = {
			isa = PBXSourcesBuildPhase;
			buildActionMask = 2147483647;
			files = (
				106C57071E548697007DA49F /* ViewController.m in Sources */,
				106C57181E548A6D007DA49F /* FirstRouter.m in Sources */,
				106C571B1E548ABE007DA49F /* FirstViewController.m in Sources */,
				106C572D1E54B932007DA49F /* FirstPresenter.m in Sources */,
				106C57241E5497B1007DA49F /* SecondViewController.m in Sources */,
				106C571E1E548E1C007DA49F /* FirstConfigurator.m in Sources */,
				106C57041E548697007DA49F /* AppDelegate.m in Sources */,
				106C57011E548697007DA49F /* main.m in Sources */,
				106C572A1E54A711007DA49F /* FirstInteractor.m in Sources */,
			);
			runOnlyForDeploymentPostprocessing = 0;
		};
/* End PBXSourcesBuildPhase section */

/* Begin PBXVariantGroup section */
		106C57081E548697007DA49F /* Main.storyboard */ = {
			isa = PBXVariantGroup;
			children = (
				106C57091E548697007DA49F /* Base */,
			);
			name = Main.storyboard;
			sourceTree = "<group>";
		};
		106C570D1E548697007DA49F /* LaunchScreen.storyboard */ = {
			isa = PBXVariantGroup;
			children = (
				106C570E1E548697007DA49F /* Base */,
			);
			name = LaunchScreen.storyboard;
			sourceTree = "<group>";
		};
/* End PBXVariantGroup section */

/* Begin XCBuildConfiguration section */
		106C57111E548697007DA49F /* Debug */ = {
			isa = XCBuildConfiguration;
			buildSettings = {
				ALWAYS_SEARCH_USER_PATHS = NO;
				CLANG_ANALYZER_NONNULL = YES;
				CLANG_CXX_LANGUAGE_STANDARD = "gnu++0x";
				CLANG_CXX_LIBRARY = "libc++";
				CLANG_ENABLE_MODULES = YES;
				CLANG_ENABLE_OBJC_ARC = YES;
				CLANG_WARN_BOOL_CONVERSION = YES;
				CLANG_WARN_CONSTANT_CONVERSION = YES;
				CLANG_WARN_DIRECT_OBJC_ISA_USAGE = YES_ERROR;
				CLANG_WARN_DOCUMENTATION_COMMENTS = YES;
				CLANG_WARN_EMPTY_BODY = YES;
				CLANG_WARN_ENUM_CONVERSION = YES;
				CLANG_WARN_INFINITE_RECURSION = YES;
				CLANG_WARN_INT_CONVERSION = YES;
				CLANG_WARN_OBJC_ROOT_CLASS = YES_ERROR;
				CLANG_WARN_SUSPICIOUS_MOVE = YES;
				CLANG_WARN_UNREACHABLE_CODE = YES;
				CLANG_WARN__DUPLICATE_METHOD_MATCH = YES;
				"CODE_SIGN_IDENTITY[sdk=iphoneos*]" = "iPhone Developer";
				COPY_PHASE_STRIP = NO;
				DEBUG_INFORMATION_FORMAT = dwarf;
				ENABLE_STRICT_OBJC_MSGSEND = YES;
				ENABLE_TESTABILITY = YES;
				GCC_C_LANGUAGE_STANDARD = gnu99;
				GCC_DYNAMIC_NO_PIC = NO;
				GCC_NO_COMMON_BLOCKS = YES;
				GCC_OPTIMIZATION_LEVEL = 0;
				GCC_PREPROCESSOR_DEFINITIONS = (
					"DEBUG=1",
					"$(inherited)",
				);
				GCC_WARN_64_TO_32_BIT_CONVERSION = YES;
				GCC_WARN_ABOUT_RETURN_TYPE = YES_ERROR;
				GCC_WARN_UNDECLARED_SELECTOR = YES;
				GCC_WARN_UNINITIALIZED_AUTOS = YES_AGGRESSIVE;
				GCC_WARN_UNUSED_FUNCTION = YES;
				GCC_WARN_UNUSED_VARIABLE = YES;
				IPHONEOS_DEPLOYMENT_TARGET = 10.2;
				MTL_ENABLE_DEBUG_INFO = YES;
				ONLY_ACTIVE_ARCH = YES;
				SDKROOT = iphoneos;
				TARGETED_DEVICE_FAMILY = "1,2";
			};
			name = Debug;
		};
		106C57121E548697007DA49F /* Release */ = {
			isa = XCBuildConfiguration;
			buildSettings = {
				ALWAYS_SEARCH_USER_PATHS = NO;
				CLANG_ANALYZER_NONNULL = YES;
				CLANG_CXX_LANGUAGE_STANDARD = "gnu++0x";
				CLANG_CXX_LIBRARY = "libc++";
				CLANG_ENABLE_MODULES = YES;
				CLANG_ENABLE_OBJC_ARC = YES;
				CLANG_WARN_BOOL_CONVERSION = YES;
				CLANG_WARN_CONSTANT_CONVERSION = YES;
				CLANG_WARN_DIRECT_OBJC_ISA_USAGE = YES_ERROR;
				CLANG_WARN_DOCUMENTATION_COMMENTS = YES;
				CLANG_WARN_EMPTY_BODY = YES;
				CLANG_WARN_ENUM_CONVERSION = YES;
				CLANG_WARN_INFINITE_RECURSION = YES;
				CLANG_WARN_INT_CONVERSION = YES;
				CLANG_WARN_OBJC_ROOT_CLASS = YES_ERROR;
				CLANG_WARN_SUSPICIOUS_MOVE = YES;
				CLANG_WARN_UNREACHABLE_CODE = YES;
				CLANG_WARN__DUPLICATE_METHOD_MATCH = YES;
				"CODE_SIGN_IDENTITY[sdk=iphoneos*]" = "iPhone Developer";
				COPY_PHASE_STRIP = NO;
				DEBUG_INFORMATION_FORMAT = "dwarf-with-dsym";
				ENABLE_NS_ASSERTIONS = NO;
				ENABLE_STRICT_OBJC_MSGSEND = YES;
				GCC_C_LANGUAGE_STANDARD = gnu99;
				GCC_NO_COMMON_BLOCKS = YES;
				GCC_WARN_64_TO_32_BIT_CONVERSION = YES;
				GCC_WARN_ABOUT_RETURN_TYPE = YES_ERROR;
				GCC_WARN_UNDECLARED_SELECTOR = YES;
				GCC_WARN_UNINITIALIZED_AUTOS = YES_AGGRESSIVE;
				GCC_WARN_UNUSED_FUNCTION = YES;
				GCC_WARN_UNUSED_VARIABLE = YES;
				IPHONEOS_DEPLOYMENT_TARGET = 10.2;
				MTL_ENABLE_DEBUG_INFO = NO;
				SDKROOT = iphoneos;
				TARGETED_DEVICE_FAMILY = "1,2";
				VALIDATE_PRODUCT = YES;
			};
			name = Release;
		};
		106C57141E548697007DA49F /* Debug */ = {
			isa = XCBuildConfiguration;
			buildSettings = {
				ASSETCATALOG_COMPILER_APPICON_NAME = AppIcon;
				DEVELOPMENT_TEAM = M9DDQZ5T2V;
				INFOPLIST_FILE = "VIPERForObjective-C/Info.plist";
				LD_RUNPATH_SEARCH_PATHS = "$(inherited) @executable_path/Frameworks";
				PRODUCT_BUNDLE_IDENTIFIER = "com.viperObjC.VIPERForObjective-C";
				PRODUCT_NAME = "$(TARGET_NAME)";
			};
			name = Debug;
		};
		106C57151E548697007DA49F /* Release */ = {
			isa = XCBuildConfiguration;
			buildSettings = {
				ASSETCATALOG_COMPILER_APPICON_NAME = AppIcon;
				DEVELOPMENT_TEAM = M9DDQZ5T2V;
				INFOPLIST_FILE = "VIPERForObjective-C/Info.plist";
				LD_RUNPATH_SEARCH_PATHS = "$(inherited) @executable_path/Frameworks";
				PRODUCT_BUNDLE_IDENTIFIER = "com.viperObjC.VIPERForObjective-C";
				PRODUCT_NAME = "$(TARGET_NAME)";
			};
			name = Release;
		};
/* End XCBuildConfiguration section */

/* Begin XCConfigurationList section */
		106C56F71E548696007DA49F /* Build configuration list for PBXProject "VIPERForObjective-C" */ = {
			isa = XCConfigurationList;
			buildConfigurations = (
				106C57111E548697007DA49F /* Debug */,
				106C57121E548697007DA49F /* Release */,
			);
			defaultConfigurationIsVisible = 0;
			defaultConfigurationName = Release;
		};
		106C57131E548697007DA49F /* Build configuration list for PBXNativeTarget "VIPERForObjective-C" */ = {
			isa = XCConfigurationList;
			buildConfigurations = (
				106C57141E548697007DA49F /* Debug */,
				106C57151E548697007DA49F /* Release */,
			);
			defaultConfigurationIsVisible = 0;
		};
/* End XCConfigurationList section */
	};
	rootObject = 106C56F41E548696007DA49F /* Project object */;
}
